
Microsoft Visual Studio Solution File, Format Version 12.00
# Visual Studio Version 16
VisualStudioVersion = 16.0.31702.278
MinimumVisualStudioVersion = 10.0.40219.1
Project("{FAE04EC0-301F-11D3-BF4B-00C04F79EFBC}") = "RoomCalculator", "RoomCalculator\RoomCalculator.csproj", "{5E8CE40B-74BC-4416-9379-A834BD8F4FBE}"
EndProject
Global
	GlobalSection(SolutionConfigurationPlatforms) = preSolution
		Debug|Any CPU = Debug|Any CPU
		Release|Any CPU = Release|Any CPU
	EndGlobalSection
	GlobalSection(ProjectConfigurationPlatforms) = postSolution
		{5E8CE40B-74BC-4416-9379-A834BD8F4FBE}.Debug|Any CPU.ActiveCfg = Debug|Any CPU
		{5E8CE40B-74BC-4416-9379-A834BD8F4FBE}.Debug|Any CPU.Build.0 = Debug|Any CPU
		{5E8CE40B-74BC-4416-9379-A834BD8F4FBE}.Release|Any CPU.ActiveCfg = Release|Any CPU
		{5E8CE40B-74BC-4416-9379-A834BD8F4FBE}.Release|Any CPU.Build.0 = Release|Any CPU
	EndGlobalSection
	GlobalSection(SolutionProperties) = preSolution
		HideSolutionNode = FALSE
	EndGlobalSection
	GlobalSection(ExtensibilityGlobals) = postSolution
		SolutionGuid = {F6473627-3545-4588-BF34-398315343B50}
	EndGlobalSection
EndGlobal
